// !$*UTF8*$!
{
	archiveVersion = 1;
	classes = {
	};
	objectVersion = 56;
	objects = {

/* Begin PBXBuildFile section */
		BA09418A2ABA1EC500DE978D /* ManagedCache.swift in Sources */ = {isa = PBXBuildFile; fileRef = BA0941892ABA1EC500DE978D /* ManagedCache.swift */; };
		BA09418C2ABA1F1200DE978D /* ManagedFeedImage.swift in Sources */ = {isa = PBXBuildFile; fileRef = BA09418B2ABA1F1200DE978D /* ManagedFeedImage.swift */; };
		BA0993642A58927C001C9039 /* XCTestCase+MemoryLeakTracking.swift in Sources */ = {isa = PBXBuildFile; fileRef = BA9EB2492A47882300E5233E /* XCTestCase+MemoryLeakTracking.swift */; };
		BA0AC3262ABA1C3D00AC6BAF /* CoreDataHelpers.swift in Sources */ = {isa = PBXBuildFile; fileRef = BA0AC3252ABA1C3D00AC6BAF /* CoreDataHelpers.swift */; };
		BA16B7672A7B00A5006C9F3E /* FeedCachePolicy.swift in Sources */ = {isa = PBXBuildFile; fileRef = BA16B7662A7B00A5006C9F3E /* FeedCachePolicy.swift */; };
		BA16B76B2A7C49DA006C9F3E /* CodableFeedStoreTests.swift in Sources */ = {isa = PBXBuildFile; fileRef = BA16B76A2A7C49DA006C9F3E /* CodableFeedStoreTests.swift */; };
		BA1F0A382A8832C100258571 /* XCTestCase+FailableInsertFeedStoreSpecs.swift in Sources */ = {isa = PBXBuildFile; fileRef = BA1F0A372A8832C100258571 /* XCTestCase+FailableInsertFeedStoreSpecs.swift */; };
		BA4097CA2A79A5FC00F42837 /* FeedCacheTestHelpers.swift in Sources */ = {isa = PBXBuildFile; fileRef = BA4097C92A79A5FC00F42837 /* FeedCacheTestHelpers.swift */; };
		BA4097CC2A79A77900F42837 /* SharedTestHelpers.swift in Sources */ = {isa = PBXBuildFile; fileRef = BA4097CB2A79A77900F42837 /* SharedTestHelpers.swift */; };
		BA4E82542A88060D0094E371 /* FeedStoreSpecs.swift in Sources */ = {isa = PBXBuildFile; fileRef = BA4E82532A88060D0094E371 /* FeedStoreSpecs.swift */; };
		BA4E82562A8806FE0094E371 /* XCTestCase+FeedStoreSpecs.swift in Sources */ = {isa = PBXBuildFile; fileRef = BA4E82552A8806FE0094E371 /* XCTestCase+FeedStoreSpecs.swift */; };
		BA578C512A7304B900137674 /* LoadFeedFromCacheUseCaseTests.swift in Sources */ = {isa = PBXBuildFile; fileRef = BA578C502A7304B900137674 /* LoadFeedFromCacheUseCaseTests.swift */; };
		BA578C542A73071800137674 /* FeedStoreSpy.swift in Sources */ = {isa = PBXBuildFile; fileRef = BA578C532A73071800137674 /* FeedStoreSpy.swift */; };
		BA65D12E2A71CB5F001CA81A /* LocalFeedLoader.swift in Sources */ = {isa = PBXBuildFile; fileRef = BA65D12D2A71CB5F001CA81A /* LocalFeedLoader.swift */; };
		BA65D1302A71CC59001CA81A /* FeedStore.swift in Sources */ = {isa = PBXBuildFile; fileRef = BA65D12F2A71CC59001CA81A /* FeedStore.swift */; };
		BA65D1322A71E650001CA81A /* RemoteFeedItem.swift in Sources */ = {isa = PBXBuildFile; fileRef = BA65D1312A71E650001CA81A /* RemoteFeedItem.swift */; };
		BA65D1342A71E6C0001CA81A /* LocalFeedImage.swift in Sources */ = {isa = PBXBuildFile; fileRef = BA65D1332A71E6C0001CA81A /* LocalFeedImage.swift */; };
		BA7CB8642A91302D00BB831B /* CoreDataFeedStoreTests.swift in Sources */ = {isa = PBXBuildFile; fileRef = BA7CB8632A91302D00BB831B /* CoreDataFeedStoreTests.swift */; };
		BA7CB8662A9152DB00BB831B /* CoreDataFeedStore.swift in Sources */ = {isa = PBXBuildFile; fileRef = BA7CB8652A9152DB00BB831B /* CoreDataFeedStore.swift */; };
		BA7CB8692A91568100BB831B /* FeedStore.xcdatamodeld in Sources */ = {isa = PBXBuildFile; fileRef = BA7CB8672A91568100BB831B /* FeedStore.xcdatamodeld */; };
		BA86667F2A6B448300BBC298 /* CacheFeedUseCaseTests.swift in Sources */ = {isa = PBXBuildFile; fileRef = BA86667E2A6B448300BBC298 /* CacheFeedUseCaseTests.swift */; };
		BA882ACF2A86F011005AB320 /* CodableFeedStore.swift in Sources */ = {isa = PBXBuildFile; fileRef = BA882ACE2A86F011005AB320 /* CodableFeedStore.swift */; };
		BA976A402ABA3E600066A1A7 /* EssentialCacheFeedIntegrationTests.swift in Sources */ = {isa = PBXBuildFile; fileRef = BA976A3F2ABA3E600066A1A7 /* EssentialCacheFeedIntegrationTests.swift */; };
		BA976A412ABA3E600066A1A7 /* EssentialFeed.framework in Frameworks */ = {isa = PBXBuildFile; fileRef = BA9EB21C2A47835200E5233E /* EssentialFeed.framework */; };
		BA976A482ABA48680066A1A7 /* XCTestCase+MemoryLeakTracking.swift in Sources */ = {isa = PBXBuildFile; fileRef = BA9EB2492A47882300E5233E /* XCTestCase+MemoryLeakTracking.swift */; };
		BA976A492ABA5C270066A1A7 /* FeedCacheTestHelpers.swift in Sources */ = {isa = PBXBuildFile; fileRef = BA4097C92A79A5FC00F42837 /* FeedCacheTestHelpers.swift */; };
		BA976A4A2ABA5C590066A1A7 /* SharedTestHelpers.swift in Sources */ = {isa = PBXBuildFile; fileRef = BA4097CB2A79A77900F42837 /* SharedTestHelpers.swift */; };
		BA9C80D12AE1E492001C03C4 /* EssentailFeediOS.framework in Frameworks */ = {isa = PBXBuildFile; fileRef = BA9C80C72AE1E490001C03C4 /* EssentailFeediOS.framework */; };
		BA9EB2212A47835200E5233E /* EssentialFeed.docc in Sources */ = {isa = PBXBuildFile; fileRef = BA9EB2202A47835200E5233E /* EssentialFeed.docc */; };
		BA9EB2272A47835200E5233E /* EssentialFeed.framework in Frameworks */ = {isa = PBXBuildFile; fileRef = BA9EB21C2A47835200E5233E /* EssentialFeed.framework */; };
		BA9EB22C2A47835200E5233E /* EssentialFeedTests.swift in Sources */ = {isa = PBXBuildFile; fileRef = BA9EB22B2A47835200E5233E /* EssentialFeedTests.swift */; };
		BA9EB22D2A47835200E5233E /* EssentialFeed.h in Headers */ = {isa = PBXBuildFile; fileRef = BA9EB21F2A47835200E5233E /* EssentialFeed.h */; settings = {ATTRIBUTES = (Public, ); }; };
		BA9EB2372A47842E00E5233E /* FeedImage.swift in Sources */ = {isa = PBXBuildFile; fileRef = BA9EB2362A47842E00E5233E /* FeedImage.swift */; };
		BA9EB2392A4784B500E5233E /* FeedLoader.swift in Sources */ = {isa = PBXBuildFile; fileRef = BA9EB2382A4784B500E5233E /* FeedLoader.swift */; };
		BA9EB23D2A4785BE00E5233E /* LoadFeedFromRemoteUseCaseTests.swift in Sources */ = {isa = PBXBuildFile; fileRef = BA9EB23C2A4785BE00E5233E /* LoadFeedFromRemoteUseCaseTests.swift */; };
		BA9EB2402A47866B00E5233E /* RemoteFeedLoader.swift in Sources */ = {isa = PBXBuildFile; fileRef = BA9EB23F2A47866B00E5233E /* RemoteFeedLoader.swift */; };
		BA9EB2422A4786B700E5233E /* HTTPClient.swift in Sources */ = {isa = PBXBuildFile; fileRef = BA9EB2412A4786B700E5233E /* HTTPClient.swift */; };
		BA9EB2442A47874800E5233E /* FeedMapper.swift in Sources */ = {isa = PBXBuildFile; fileRef = BA9EB2432A47874800E5233E /* FeedMapper.swift */; };
		BA9EB2462A47878A00E5233E /* URLSessionHTTPClient.swift in Sources */ = {isa = PBXBuildFile; fileRef = BA9EB2452A47878A00E5233E /* URLSessionHTTPClient.swift */; };
		BA9EB24A2A47882300E5233E /* XCTestCase+MemoryLeakTracking.swift in Sources */ = {isa = PBXBuildFile; fileRef = BA9EB2492A47882300E5233E /* XCTestCase+MemoryLeakTracking.swift */; };
		BA9EB24C2A4788A900E5233E /* URLSessionHTTPClientTests.swift in Sources */ = {isa = PBXBuildFile; fileRef = BA9EB24B2A4788A900E5233E /* URLSessionHTTPClientTests.swift */; };
		BA9EB2552A4789C400E5233E /* EssentialFeedAPIEndToEndTests.swift in Sources */ = {isa = PBXBuildFile; fileRef = BA9EB2542A4789C400E5233E /* EssentialFeedAPIEndToEndTests.swift */; };
		BA9EB2562A4789C400E5233E /* EssentialFeed.framework in Frameworks */ = {isa = PBXBuildFile; fileRef = BA9EB21C2A47835200E5233E /* EssentialFeed.framework */; };
		BAB161A62A75A8CB00D423B4 /* ValidateFeedCacheUseCase.swift in Sources */ = {isa = PBXBuildFile; fileRef = BAB161A52A75A8CB00D423B4 /* ValidateFeedCacheUseCase.swift */; };
		BACC03352A882DE200CBB277 /* XCTestCase+FailableRetrieveFeedStoreSpecs.swift in Sources */ = {isa = PBXBuildFile; fileRef = BACC03342A882DE200CBB277 /* XCTestCase+FailableRetrieveFeedStoreSpecs.swift */; };
		BACC03382A8830F400CBB277 /* XCTestCase+FailableDeleteFeedStoreSpecs.swift in Sources */ = {isa = PBXBuildFile; fileRef = BACC03372A8830F400CBB277 /* XCTestCase+FailableDeleteFeedStoreSpecs.swift */; };
		BAE79C122AE87B7E005B216A /* FeedViewControllerTests.swift in Sources */ = {isa = PBXBuildFile; fileRef = BAE79C112AE87B7E005B216A /* FeedViewControllerTests.swift */; };
		BAE79C132AE8931F005B216A /* XCTestCase+MemoryLeakTracking.swift in Sources */ = {isa = PBXBuildFile; fileRef = BA9EB2492A47882300E5233E /* XCTestCase+MemoryLeakTracking.swift */; };
/* End PBXBuildFile section */

/* Begin PBXContainerItemProxy section */
		BA976A422ABA3E600066A1A7 /* PBXContainerItemProxy */ = {
			isa = PBXContainerItemProxy;
			containerPortal = BA9EB2132A47835200E5233E /* Project object */;
			proxyType = 1;
			remoteGlobalIDString = BA9EB21B2A47835200E5233E;
			remoteInfo = EssentialFeed;
		};
		BA9C80D22AE1E492001C03C4 /* PBXContainerItemProxy */ = {
			isa = PBXContainerItemProxy;
			containerPortal = BA9EB2132A47835200E5233E /* Project object */;
			proxyType = 1;
			remoteGlobalIDString = BA9C80C62AE1E490001C03C4;
			remoteInfo = EssentailFeediOS;
		};
		BA9EB2282A47835200E5233E /* PBXContainerItemProxy */ = {
			isa = PBXContainerItemProxy;
			containerPortal = BA9EB2132A47835200E5233E /* Project object */;
			proxyType = 1;
			remoteGlobalIDString = BA9EB21B2A47835200E5233E;
			remoteInfo = EssentialFeed;
		};
		BA9EB2572A4789C400E5233E /* PBXContainerItemProxy */ = {
			isa = PBXContainerItemProxy;
			containerPortal = BA9EB2132A47835200E5233E /* Project object */;
			proxyType = 1;
			remoteGlobalIDString = BA9EB21B2A47835200E5233E;
			remoteInfo = EssentialFeed;
		};
/* End PBXContainerItemProxy section */

/* Begin PBXFileReference section */
		BA0941892ABA1EC500DE978D /* ManagedCache.swift */ = {isa = PBXFileReference; lastKnownFileType = sourcecode.swift; path = ManagedCache.swift; sourceTree = "<group>"; };
		BA09418B2ABA1F1200DE978D /* ManagedFeedImage.swift */ = {isa = PBXFileReference; lastKnownFileType = sourcecode.swift; path = ManagedFeedImage.swift; sourceTree = "<group>"; };
		BA0AC3252ABA1C3D00AC6BAF /* CoreDataHelpers.swift */ = {isa = PBXFileReference; lastKnownFileType = sourcecode.swift; path = CoreDataHelpers.swift; sourceTree = "<group>"; };
		BA16B7662A7B00A5006C9F3E /* FeedCachePolicy.swift */ = {isa = PBXFileReference; lastKnownFileType = sourcecode.swift; path = FeedCachePolicy.swift; sourceTree = "<group>"; };
		BA16B76A2A7C49DA006C9F3E /* CodableFeedStoreTests.swift */ = {isa = PBXFileReference; lastKnownFileType = sourcecode.swift; path = CodableFeedStoreTests.swift; sourceTree = "<group>"; };
		BA1F0A372A8832C100258571 /* XCTestCase+FailableInsertFeedStoreSpecs.swift */ = {isa = PBXFileReference; lastKnownFileType = sourcecode.swift; path = "XCTestCase+FailableInsertFeedStoreSpecs.swift"; sourceTree = "<group>"; };
		BA391E8E2A58937100107123 /* CI.xctestplan */ = {isa = PBXFileReference; lastKnownFileType = text; path = CI.xctestplan; sourceTree = "<group>"; };
		BA4097C92A79A5FC00F42837 /* FeedCacheTestHelpers.swift */ = {isa = PBXFileReference; lastKnownFileType = sourcecode.swift; path = FeedCacheTestHelpers.swift; sourceTree = "<group>"; };
		BA4097CB2A79A77900F42837 /* SharedTestHelpers.swift */ = {isa = PBXFileReference; lastKnownFileType = sourcecode.swift; path = SharedTestHelpers.swift; sourceTree = "<group>"; };
		BA4E82532A88060D0094E371 /* FeedStoreSpecs.swift */ = {isa = PBXFileReference; lastKnownFileType = sourcecode.swift; path = FeedStoreSpecs.swift; sourceTree = "<group>"; };
		BA4E82552A8806FE0094E371 /* XCTestCase+FeedStoreSpecs.swift */ = {isa = PBXFileReference; lastKnownFileType = sourcecode.swift; path = "XCTestCase+FeedStoreSpecs.swift"; sourceTree = "<group>"; };
		BA578C502A7304B900137674 /* LoadFeedFromCacheUseCaseTests.swift */ = {isa = PBXFileReference; lastKnownFileType = sourcecode.swift; path = LoadFeedFromCacheUseCaseTests.swift; sourceTree = "<group>"; };
		BA578C532A73071800137674 /* FeedStoreSpy.swift */ = {isa = PBXFileReference; lastKnownFileType = sourcecode.swift; path = FeedStoreSpy.swift; sourceTree = "<group>"; };
		BA65D12D2A71CB5F001CA81A /* LocalFeedLoader.swift */ = {isa = PBXFileReference; lastKnownFileType = sourcecode.swift; path = LocalFeedLoader.swift; sourceTree = "<group>"; };
		BA65D12F2A71CC59001CA81A /* FeedStore.swift */ = {isa = PBXFileReference; lastKnownFileType = sourcecode.swift; path = FeedStore.swift; sourceTree = "<group>"; };
		BA65D1312A71E650001CA81A /* RemoteFeedItem.swift */ = {isa = PBXFileReference; lastKnownFileType = sourcecode.swift; path = RemoteFeedItem.swift; sourceTree = "<group>"; };
		BA65D1332A71E6C0001CA81A /* LocalFeedImage.swift */ = {isa = PBXFileReference; lastKnownFileType = sourcecode.swift; path = LocalFeedImage.swift; sourceTree = "<group>"; };
		BA78B4A12AC63A460050D5B5 /* CI.xctestplan */ = {isa = PBXFileReference; lastKnownFileType = text; path = CI.xctestplan; sourceTree = "<group>"; };
		BA7CB8632A91302D00BB831B /* CoreDataFeedStoreTests.swift */ = {isa = PBXFileReference; lastKnownFileType = sourcecode.swift; path = CoreDataFeedStoreTests.swift; sourceTree = "<group>"; };
		BA7CB8652A9152DB00BB831B /* CoreDataFeedStore.swift */ = {isa = PBXFileReference; lastKnownFileType = sourcecode.swift; path = CoreDataFeedStore.swift; sourceTree = "<group>"; };
		BA7CB8682A91568100BB831B /* FeedStore.xcdatamodel */ = {isa = PBXFileReference; lastKnownFileType = wrapper.xcdatamodel; path = FeedStore.xcdatamodel; sourceTree = "<group>"; };
		BA86667E2A6B448300BBC298 /* CacheFeedUseCaseTests.swift */ = {isa = PBXFileReference; lastKnownFileType = sourcecode.swift; path = CacheFeedUseCaseTests.swift; sourceTree = "<group>"; };
		BA882ACE2A86F011005AB320 /* CodableFeedStore.swift */ = {isa = PBXFileReference; lastKnownFileType = sourcecode.swift; path = CodableFeedStore.swift; sourceTree = "<group>"; };
		BA976A3D2ABA3E600066A1A7 /* EssentialCacheFeedIntegrationTests.xctest */ = {isa = PBXFileReference; explicitFileType = wrapper.cfbundle; includeInIndex = 0; path = EssentialCacheFeedIntegrationTests.xctest; sourceTree = BUILT_PRODUCTS_DIR; };
		BA976A3F2ABA3E600066A1A7 /* EssentialCacheFeedIntegrationTests.swift */ = {isa = PBXFileReference; lastKnownFileType = sourcecode.swift; path = EssentialCacheFeedIntegrationTests.swift; sourceTree = "<group>"; };
		BA976A472ABA3ECA0066A1A7 /* EssentialCacheFeedIntegrationTests.xctestplan */ = {isa = PBXFileReference; lastKnownFileType = text; path = EssentialCacheFeedIntegrationTests.xctestplan; sourceTree = "<group>"; };
		BA9C80C72AE1E490001C03C4 /* EssentailFeediOS.framework */ = {isa = PBXFileReference; explicitFileType = wrapper.framework; includeInIndex = 0; path = EssentailFeediOS.framework; sourceTree = BUILT_PRODUCTS_DIR; };
		BA9C80D02AE1E491001C03C4 /* EssentailFeediOSTests.xctest */ = {isa = PBXFileReference; explicitFileType = wrapper.cfbundle; includeInIndex = 0; path = EssentailFeediOSTests.xctest; sourceTree = BUILT_PRODUCTS_DIR; };
		BA9C80DE2AE1E539001C03C4 /* EssentailFeediOS.xctestplan */ = {isa = PBXFileReference; lastKnownFileType = text; path = EssentailFeediOS.xctestplan; sourceTree = "<group>"; };
		BA9EB21C2A47835200E5233E /* EssentialFeed.framework */ = {isa = PBXFileReference; explicitFileType = wrapper.framework; includeInIndex = 0; path = EssentialFeed.framework; sourceTree = BUILT_PRODUCTS_DIR; };
		BA9EB21F2A47835200E5233E /* EssentialFeed.h */ = {isa = PBXFileReference; lastKnownFileType = sourcecode.c.h; path = EssentialFeed.h; sourceTree = "<group>"; };
		BA9EB2202A47835200E5233E /* EssentialFeed.docc */ = {isa = PBXFileReference; lastKnownFileType = folder.documentationcatalog; path = EssentialFeed.docc; sourceTree = "<group>"; };
		BA9EB2262A47835200E5233E /* EssentialFeedTests.xctest */ = {isa = PBXFileReference; explicitFileType = wrapper.cfbundle; includeInIndex = 0; path = EssentialFeedTests.xctest; sourceTree = BUILT_PRODUCTS_DIR; };
		BA9EB22B2A47835200E5233E /* EssentialFeedTests.swift */ = {isa = PBXFileReference; lastKnownFileType = sourcecode.swift; path = EssentialFeedTests.swift; sourceTree = "<group>"; };
		BA9EB2362A47842E00E5233E /* FeedImage.swift */ = {isa = PBXFileReference; lastKnownFileType = sourcecode.swift; path = FeedImage.swift; sourceTree = "<group>"; };
		BA9EB2382A4784B500E5233E /* FeedLoader.swift */ = {isa = PBXFileReference; lastKnownFileType = sourcecode.swift; path = FeedLoader.swift; sourceTree = "<group>"; };
		BA9EB23C2A4785BE00E5233E /* LoadFeedFromRemoteUseCaseTests.swift */ = {isa = PBXFileReference; lastKnownFileType = sourcecode.swift; path = LoadFeedFromRemoteUseCaseTests.swift; sourceTree = "<group>"; };
		BA9EB23F2A47866B00E5233E /* RemoteFeedLoader.swift */ = {isa = PBXFileReference; lastKnownFileType = sourcecode.swift; path = RemoteFeedLoader.swift; sourceTree = "<group>"; };
		BA9EB2412A4786B700E5233E /* HTTPClient.swift */ = {isa = PBXFileReference; lastKnownFileType = sourcecode.swift; path = HTTPClient.swift; sourceTree = "<group>"; };
		BA9EB2432A47874800E5233E /* FeedMapper.swift */ = {isa = PBXFileReference; lastKnownFileType = sourcecode.swift; path = FeedMapper.swift; sourceTree = "<group>"; };
		BA9EB2452A47878A00E5233E /* URLSessionHTTPClient.swift */ = {isa = PBXFileReference; lastKnownFileType = sourcecode.swift; path = URLSessionHTTPClient.swift; sourceTree = "<group>"; };
		BA9EB2492A47882300E5233E /* XCTestCase+MemoryLeakTracking.swift */ = {isa = PBXFileReference; lastKnownFileType = sourcecode.swift; path = "XCTestCase+MemoryLeakTracking.swift"; sourceTree = "<group>"; };
		BA9EB24B2A4788A900E5233E /* URLSessionHTTPClientTests.swift */ = {isa = PBXFileReference; lastKnownFileType = sourcecode.swift; path = URLSessionHTTPClientTests.swift; sourceTree = "<group>"; };
		BA9EB24D2A47892E00E5233E /* EssentialFeed.xctestplan */ = {isa = PBXFileReference; lastKnownFileType = text; path = EssentialFeed.xctestplan; sourceTree = "<group>"; };
		BA9EB2522A4789C400E5233E /* EssentialFeedAPIEndToEndTests.xctest */ = {isa = PBXFileReference; explicitFileType = wrapper.cfbundle; includeInIndex = 0; path = EssentialFeedAPIEndToEndTests.xctest; sourceTree = BUILT_PRODUCTS_DIR; };
		BA9EB2542A4789C400E5233E /* EssentialFeedAPIEndToEndTests.swift */ = {isa = PBXFileReference; lastKnownFileType = sourcecode.swift; path = EssentialFeedAPIEndToEndTests.swift; sourceTree = "<group>"; };
		BAB161A52A75A8CB00D423B4 /* ValidateFeedCacheUseCase.swift */ = {isa = PBXFileReference; lastKnownFileType = sourcecode.swift; path = ValidateFeedCacheUseCase.swift; sourceTree = "<group>"; };
		BACC03342A882DE200CBB277 /* XCTestCase+FailableRetrieveFeedStoreSpecs.swift */ = {isa = PBXFileReference; lastKnownFileType = sourcecode.swift; path = "XCTestCase+FailableRetrieveFeedStoreSpecs.swift"; sourceTree = "<group>"; };
		BACC03362A88303000CBB277 /* EssentialFeed.xctestplan */ = {isa = PBXFileReference; lastKnownFileType = text; path = EssentialFeed.xctestplan; sourceTree = "<group>"; };
		BACC03372A8830F400CBB277 /* XCTestCase+FailableDeleteFeedStoreSpecs.swift */ = {isa = PBXFileReference; lastKnownFileType = sourcecode.swift; path = "XCTestCase+FailableDeleteFeedStoreSpecs.swift"; sourceTree = "<group>"; };
		BAE79C112AE87B7E005B216A /* FeedViewControllerTests.swift */ = {isa = PBXFileReference; lastKnownFileType = sourcecode.swift; path = FeedViewControllerTests.swift; sourceTree = "<group>"; };
/* End PBXFileReference section */

/* Begin PBXFrameworksBuildPhase section */
		BA976A3A2ABA3E600066A1A7 /* Frameworks */ = {
			isa = PBXFrameworksBuildPhase;
			buildActionMask = 2147483647;
			files = (
				BA976A412ABA3E600066A1A7 /* EssentialFeed.framework in Frameworks */,
			);
			runOnlyForDeploymentPostprocessing = 0;
		};
		BA9C80C42AE1E490001C03C4 /* Frameworks */ = {
			isa = PBXFrameworksBuildPhase;
			buildActionMask = 2147483647;
			files = (
			);
			runOnlyForDeploymentPostprocessing = 0;
		};
		BA9C80CD2AE1E491001C03C4 /* Frameworks */ = {
			isa = PBXFrameworksBuildPhase;
			buildActionMask = 2147483647;
			files = (
				BA9C80D12AE1E492001C03C4 /* EssentailFeediOS.framework in Frameworks */,
			);
			runOnlyForDeploymentPostprocessing = 0;
		};
		BA9EB2192A47835200E5233E /* Frameworks */ = {
			isa = PBXFrameworksBuildPhase;
			buildActionMask = 2147483647;
			files = (
			);
			runOnlyForDeploymentPostprocessing = 0;
		};
		BA9EB2232A47835200E5233E /* Frameworks */ = {
			isa = PBXFrameworksBuildPhase;
			buildActionMask = 2147483647;
			files = (
				BA9EB2272A47835200E5233E /* EssentialFeed.framework in Frameworks */,
			);
			runOnlyForDeploymentPostprocessing = 0;
		};
		BA9EB24F2A4789C400E5233E /* Frameworks */ = {
			isa = PBXFrameworksBuildPhase;
			buildActionMask = 2147483647;
			files = (
				BA9EB2562A4789C400E5233E /* EssentialFeed.framework in Frameworks */,
			);
			runOnlyForDeploymentPostprocessing = 0;
		};
/* End PBXFrameworksBuildPhase section */

/* Begin PBXGroup section */
		BA3187672AAD1DAC00364345 /* Infrastructure */ = {
			isa = PBXGroup;
			children = (
				BA882ACE2A86F011005AB320 /* CodableFeedStore.swift */,
				BA7CB8652A9152DB00BB831B /* CoreDataFeedStore.swift */,
				BA7CB8672A91568100BB831B /* FeedStore.xcdatamodeld */,
				BA0AC3252ABA1C3D00AC6BAF /* CoreDataHelpers.swift */,
				BA0941892ABA1EC500DE978D /* ManagedCache.swift */,
				BA09418B2ABA1F1200DE978D /* ManagedFeedImage.swift */,
			);
			path = Infrastructure;
			sourceTree = "<group>";
		};
		BA578C522A7306F600137674 /* Helper */ = {
			isa = PBXGroup;
			children = (
				BA578C532A73071800137674 /* FeedStoreSpy.swift */,
				BA4097C92A79A5FC00F42837 /* FeedCacheTestHelpers.swift */,
			);
			path = Helper;
			sourceTree = "<group>";
		};
		BA65D12C2A71CB42001CA81A /* Feed Cache */ = {
			isa = PBXGroup;
			children = (
				BA3187672AAD1DAC00364345 /* Infrastructure */,
				BA65D12D2A71CB5F001CA81A /* LocalFeedLoader.swift */,
				BA65D12F2A71CC59001CA81A /* FeedStore.swift */,
				BA65D1332A71E6C0001CA81A /* LocalFeedImage.swift */,
				BA16B7662A7B00A5006C9F3E /* FeedCachePolicy.swift */,
			);
			path = "Feed Cache";
			sourceTree = "<group>";
		};
		BA86667D2A6B444D00BBC298 /* Feed Cache */ = {
			isa = PBXGroup;
			children = (
				BA578C522A7306F600137674 /* Helper */,
				BACC03332A882D6100CBB277 /* FeedStoreSpecs */,
				BA86667E2A6B448300BBC298 /* CacheFeedUseCaseTests.swift */,
				BA578C502A7304B900137674 /* LoadFeedFromCacheUseCaseTests.swift */,
				BAB161A52A75A8CB00D423B4 /* ValidateFeedCacheUseCase.swift */,
				BA16B76A2A7C49DA006C9F3E /* CodableFeedStoreTests.swift */,
				BA7CB8632A91302D00BB831B /* CoreDataFeedStoreTests.swift */,
			);
			path = "Feed Cache";
			sourceTree = "<group>";
		};
		BA976A3E2ABA3E600066A1A7 /* EssentialCacheFeedIntegrationTests */ = {
			isa = PBXGroup;
			children = (
				BA976A3F2ABA3E600066A1A7 /* EssentialCacheFeedIntegrationTests.swift */,
			);
			path = EssentialCacheFeedIntegrationTests;
			sourceTree = "<group>";
		};
		BA9C80C82AE1E491001C03C4 /* EssentailFeediOS */ = {
			isa = PBXGroup;
			children = (
			);
			path = EssentailFeediOS;
			sourceTree = "<group>";
		};
		BA9C80D42AE1E492001C03C4 /* EssentailFeediOSTests */ = {
			isa = PBXGroup;
			children = (
				BAE79C112AE87B7E005B216A /* FeedViewControllerTests.swift */,
			);
			path = EssentailFeediOSTests;
			sourceTree = "<group>";
		};
		BA9EB2122A47835200E5233E = {
			isa = PBXGroup;
			children = (
				BA9C80DE2AE1E539001C03C4 /* EssentailFeediOS.xctestplan */,
				BA78B4A12AC63A460050D5B5 /* CI.xctestplan */,
				BA976A472ABA3ECA0066A1A7 /* EssentialCacheFeedIntegrationTests.xctestplan */,
				BACC03362A88303000CBB277 /* EssentialFeed.xctestplan */,
				BA391E8E2A58937100107123 /* CI.xctestplan */,
				BA9EB24D2A47892E00E5233E /* EssentialFeed.xctestplan */,
				BA9EB21E2A47835200E5233E /* EssentialFeed */,
				BA9EB22A2A47835200E5233E /* EssentialFeedTests */,
				BA9EB2532A4789C400E5233E /* EssentialFeedAPIEndToEndTests */,
				BA976A3E2ABA3E600066A1A7 /* EssentialCacheFeedIntegrationTests */,
				BA9C80C82AE1E491001C03C4 /* EssentailFeediOS */,
				BA9C80D42AE1E492001C03C4 /* EssentailFeediOSTests */,
				BA9EB21D2A47835200E5233E /* Products */,
			);
			sourceTree = "<group>";
		};
		BA9EB21D2A47835200E5233E /* Products */ = {
			isa = PBXGroup;
			children = (
				BA9EB21C2A47835200E5233E /* EssentialFeed.framework */,
				BA9EB2262A47835200E5233E /* EssentialFeedTests.xctest */,
				BA9EB2522A4789C400E5233E /* EssentialFeedAPIEndToEndTests.xctest */,
				BA976A3D2ABA3E600066A1A7 /* EssentialCacheFeedIntegrationTests.xctest */,
				BA9C80C72AE1E490001C03C4 /* EssentailFeediOS.framework */,
				BA9C80D02AE1E491001C03C4 /* EssentailFeediOSTests.xctest */,
			);
			name = Products;
			sourceTree = "<group>";
		};
		BA9EB21E2A47835200E5233E /* EssentialFeed */ = {
			isa = PBXGroup;
			children = (
				BA65D12C2A71CB42001CA81A /* Feed Cache */,
				BA9EB23E2A47864C00E5233E /* Feed API */,
				BA9EB23B2A47851C00E5233E /* Feed Feature */,
				BA9EB21F2A47835200E5233E /* EssentialFeed.h */,
				BA9EB2202A47835200E5233E /* EssentialFeed.docc */,
			);
			path = EssentialFeed;
			sourceTree = "<group>";
		};
		BA9EB22A2A47835200E5233E /* EssentialFeedTests */ = {
			isa = PBXGroup;
			children = (
				BA9EB2482A47880200E5233E /* Helper */,
				BA86667D2A6B444D00BBC298 /* Feed Cache */,
				BA9EB2472A4787E300E5233E /* Feed API */,
				BA9EB22B2A47835200E5233E /* EssentialFeedTests.swift */,
			);
			path = EssentialFeedTests;
			sourceTree = "<group>";
		};
		BA9EB23B2A47851C00E5233E /* Feed Feature */ = {
			isa = PBXGroup;
			children = (
				BA9EB2362A47842E00E5233E /* FeedImage.swift */,
				BA9EB2382A4784B500E5233E /* FeedLoader.swift */,
			);
			path = "Feed Feature";
			sourceTree = "<group>";
		};
		BA9EB23E2A47864C00E5233E /* Feed API */ = {
			isa = PBXGroup;
			children = (
				BA9EB23F2A47866B00E5233E /* RemoteFeedLoader.swift */,
				BA9EB2412A4786B700E5233E /* HTTPClient.swift */,
				BA9EB2432A47874800E5233E /* FeedMapper.swift */,
				BA9EB2452A47878A00E5233E /* URLSessionHTTPClient.swift */,
				BA65D1312A71E650001CA81A /* RemoteFeedItem.swift */,
			);
			path = "Feed API";
			sourceTree = "<group>";
		};
		BA9EB2472A4787E300E5233E /* Feed API */ = {
			isa = PBXGroup;
			children = (
				BA9EB23C2A4785BE00E5233E /* LoadFeedFromRemoteUseCaseTests.swift */,
				BA9EB24B2A4788A900E5233E /* URLSessionHTTPClientTests.swift */,
			);
			path = "Feed API";
			sourceTree = "<group>";
		};
		BA9EB2482A47880200E5233E /* Helper */ = {
			isa = PBXGroup;
			children = (
				BA9EB2492A47882300E5233E /* XCTestCase+MemoryLeakTracking.swift */,
				BA4097CB2A79A77900F42837 /* SharedTestHelpers.swift */,
			);
			path = Helper;
			sourceTree = "<group>";
		};
		BA9EB2532A4789C400E5233E /* EssentialFeedAPIEndToEndTests */ = {
			isa = PBXGroup;
			children = (
				BA9EB2542A4789C400E5233E /* EssentialFeedAPIEndToEndTests.swift */,
			);
			path = EssentialFeedAPIEndToEndTests;
			sourceTree = "<group>";
		};
		BACC03332A882D6100CBB277 /* FeedStoreSpecs */ = {
			isa = PBXGroup;
			children = (
				BA4E82532A88060D0094E371 /* FeedStoreSpecs.swift */,
				BA4E82552A8806FE0094E371 /* XCTestCase+FeedStoreSpecs.swift */,
				BACC03342A882DE200CBB277 /* XCTestCase+FailableRetrieveFeedStoreSpecs.swift */,
				BACC03372A8830F400CBB277 /* XCTestCase+FailableDeleteFeedStoreSpecs.swift */,
				BA1F0A372A8832C100258571 /* XCTestCase+FailableInsertFeedStoreSpecs.swift */,
			);
			path = FeedStoreSpecs;
			sourceTree = "<group>";
		};
/* End PBXGroup section */

/* Begin PBXHeadersBuildPhase section */
		BA9C80C22AE1E490001C03C4 /* Headers */ = {
			isa = PBXHeadersBuildPhase;
			buildActionMask = 2147483647;
			files = (
			);
			runOnlyForDeploymentPostprocessing = 0;
		};
		BA9EB2172A47835200E5233E /* Headers */ = {
			isa = PBXHeadersBuildPhase;
			buildActionMask = 2147483647;
			files = (
				BA9EB22D2A47835200E5233E /* EssentialFeed.h in Headers */,
			);
			runOnlyForDeploymentPostprocessing = 0;
		};
/* End PBXHeadersBuildPhase section */

/* Begin PBXNativeTarget section */
		BA976A3C2ABA3E600066A1A7 /* EssentialCacheFeedIntegrationTests */ = {
			isa = PBXNativeTarget;
			buildConfigurationList = BA976A462ABA3E600066A1A7 /* Build configuration list for PBXNativeTarget "EssentialCacheFeedIntegrationTests" */;
			buildPhases = (
				BA976A392ABA3E600066A1A7 /* Sources */,
				BA976A3A2ABA3E600066A1A7 /* Frameworks */,
				BA976A3B2ABA3E600066A1A7 /* Resources */,
			);
			buildRules = (
			);
			dependencies = (
				BA976A432ABA3E600066A1A7 /* PBXTargetDependency */,
			);
			name = EssentialCacheFeedIntegrationTests;
			productName = EssentialCacheFeedIntegrationTests;
			productReference = BA976A3D2ABA3E600066A1A7 /* EssentialCacheFeedIntegrationTests.xctest */;
			productType = "com.apple.product-type.bundle.unit-test";
		};
		BA9C80C62AE1E490001C03C4 /* EssentailFeediOS */ = {
			isa = PBXNativeTarget;
			buildConfigurationList = BA9C80DC2AE1E493001C03C4 /* Build configuration list for PBXNativeTarget "EssentailFeediOS" */;
			buildPhases = (
				BA9C80C22AE1E490001C03C4 /* Headers */,
				BA9C80C32AE1E490001C03C4 /* Sources */,
				BA9C80C42AE1E490001C03C4 /* Frameworks */,
				BA9C80C52AE1E490001C03C4 /* Resources */,
			);
			buildRules = (
			);
			dependencies = (
			);
			name = EssentailFeediOS;
			productName = EssentailFeediOS;
			productReference = BA9C80C72AE1E490001C03C4 /* EssentailFeediOS.framework */;
			productType = "com.apple.product-type.framework";
		};
		BA9C80CF2AE1E491001C03C4 /* EssentailFeediOSTests */ = {
			isa = PBXNativeTarget;
			buildConfigurationList = BA9C80DD2AE1E493001C03C4 /* Build configuration list for PBXNativeTarget "EssentailFeediOSTests" */;
			buildPhases = (
				BA9C80CC2AE1E491001C03C4 /* Sources */,
				BA9C80CD2AE1E491001C03C4 /* Frameworks */,
				BA9C80CE2AE1E491001C03C4 /* Resources */,
			);
			buildRules = (
			);
			dependencies = (
				BA9C80D32AE1E492001C03C4 /* PBXTargetDependency */,
			);
			name = EssentailFeediOSTests;
			productName = EssentailFeediOSTests;
			productReference = BA9C80D02AE1E491001C03C4 /* EssentailFeediOSTests.xctest */;
			productType = "com.apple.product-type.bundle.unit-test";
		};
		BA9EB21B2A47835200E5233E /* EssentialFeed */ = {
			isa = PBXNativeTarget;
			buildConfigurationList = BA9EB2302A47835200E5233E /* Build configuration list for PBXNativeTarget "EssentialFeed" */;
			buildPhases = (
				BA9EB2172A47835200E5233E /* Headers */,
				BA9EB2182A47835200E5233E /* Sources */,
				BA9EB2192A47835200E5233E /* Frameworks */,
				BA9EB21A2A47835200E5233E /* Resources */,
			);
			buildRules = (
			);
			dependencies = (
			);
			name = EssentialFeed;
			productName = EssentialFeed;
			productReference = BA9EB21C2A47835200E5233E /* EssentialFeed.framework */;
			productType = "com.apple.product-type.framework";
		};
		BA9EB2252A47835200E5233E /* EssentialFeedTests */ = {
			isa = PBXNativeTarget;
			buildConfigurationList = BA9EB2332A47835200E5233E /* Build configuration list for PBXNativeTarget "EssentialFeedTests" */;
			buildPhases = (
				BA9EB2222A47835200E5233E /* Sources */,
				BA9EB2232A47835200E5233E /* Frameworks */,
				BA9EB2242A47835200E5233E /* Resources */,
			);
			buildRules = (
			);
			dependencies = (
				BA9EB2292A47835200E5233E /* PBXTargetDependency */,
			);
			name = EssentialFeedTests;
			productName = EssentialFeedTests;
			productReference = BA9EB2262A47835200E5233E /* EssentialFeedTests.xctest */;
			productType = "com.apple.product-type.bundle.unit-test";
		};
		BA9EB2512A4789C400E5233E /* EssentialFeedAPIEndToEndTests */ = {
			isa = PBXNativeTarget;
			buildConfigurationList = BA9EB2592A4789C400E5233E /* Build configuration list for PBXNativeTarget "EssentialFeedAPIEndToEndTests" */;
			buildPhases = (
				BA9EB24E2A4789C400E5233E /* Sources */,
				BA9EB24F2A4789C400E5233E /* Frameworks */,
				BA9EB2502A4789C400E5233E /* Resources */,
			);
			buildRules = (
			);
			dependencies = (
				BA9EB2582A4789C400E5233E /* PBXTargetDependency */,
			);
			name = EssentialFeedAPIEndToEndTests;
			productName = EssentialFeedAPIEndToEndTests;
			productReference = BA9EB2522A4789C400E5233E /* EssentialFeedAPIEndToEndTests.xctest */;
			productType = "com.apple.product-type.bundle.unit-test";
		};
/* End PBXNativeTarget section */

/* Begin PBXProject section */
		BA9EB2132A47835200E5233E /* Project object */ = {
			isa = PBXProject;
			attributes = {
				BuildIndependentTargetsInParallel = 1;
				LastSwiftUpdateCheck = 1500;
				LastUpgradeCheck = 1500;
				TargetAttributes = {
					BA976A3C2ABA3E600066A1A7 = {
						CreatedOnToolsVersion = 15.0;
					};
					BA9C80C62AE1E490001C03C4 = {
						CreatedOnToolsVersion = 15.0;
					};
					BA9C80CF2AE1E491001C03C4 = {
						CreatedOnToolsVersion = 15.0;
						LastSwiftMigration = 1500;
					};
					BA9EB21B2A47835200E5233E = {
						CreatedOnToolsVersion = 14.3.1;
					};
					BA9EB2252A47835200E5233E = {
						CreatedOnToolsVersion = 14.3.1;
					};
					BA9EB2512A4789C400E5233E = {
						CreatedOnToolsVersion = 14.3.1;
					};
				};
			};
			buildConfigurationList = BA9EB2162A47835200E5233E /* Build configuration list for PBXProject "EssentialFeed" */;
			compatibilityVersion = "Xcode 14.0";
			developmentRegion = en;
			hasScannedForEncodings = 0;
			knownRegions = (
				en,
				Base,
			);
			mainGroup = BA9EB2122A47835200E5233E;
			productRefGroup = BA9EB21D2A47835200E5233E /* Products */;
			projectDirPath = "";
			projectRoot = "";
			targets = (
				BA9EB21B2A47835200E5233E /* EssentialFeed */,
				BA9EB2252A47835200E5233E /* EssentialFeedTests */,
				BA9EB2512A4789C400E5233E /* EssentialFeedAPIEndToEndTests */,
				BA976A3C2ABA3E600066A1A7 /* EssentialCacheFeedIntegrationTests */,
				BA9C80C62AE1E490001C03C4 /* EssentailFeediOS */,
				BA9C80CF2AE1E491001C03C4 /* EssentailFeediOSTests */,
			);
		};
/* End PBXProject section */

/* Begin PBXResourcesBuildPhase section */
		BA976A3B2ABA3E600066A1A7 /* Resources */ = {
			isa = PBXResourcesBuildPhase;
			buildActionMask = 2147483647;
			files = (
			);
			runOnlyForDeploymentPostprocessing = 0;
		};
		BA9C80C52AE1E490001C03C4 /* Resources */ = {
			isa = PBXResourcesBuildPhase;
			buildActionMask = 2147483647;
			files = (
			);
			runOnlyForDeploymentPostprocessing = 0;
		};
		BA9C80CE2AE1E491001C03C4 /* Resources */ = {
			isa = PBXResourcesBuildPhase;
			buildActionMask = 2147483647;
			files = (
			);
			runOnlyForDeploymentPostprocessing = 0;
		};
		BA9EB21A2A47835200E5233E /* Resources */ = {
			isa = PBXResourcesBuildPhase;
			buildActionMask = 2147483647;
			files = (
			);
			runOnlyForDeploymentPostprocessing = 0;
		};
		BA9EB2242A47835200E5233E /* Resources */ = {
			isa = PBXResourcesBuildPhase;
			buildActionMask = 2147483647;
			files = (
			);
			runOnlyForDeploymentPostprocessing = 0;
		};
		BA9EB2502A4789C400E5233E /* Resources */ = {
			isa = PBXResourcesBuildPhase;
			buildActionMask = 2147483647;
			files = (
			);
			runOnlyForDeploymentPostprocessing = 0;
		};
/* End PBXResourcesBuildPhase section */

/* Begin PBXSourcesBuildPhase section */
		BA976A392ABA3E600066A1A7 /* Sources */ = {
			isa = PBXSourcesBuildPhase;
			buildActionMask = 2147483647;
			files = (
				BA976A4A2ABA5C590066A1A7 /* SharedTestHelpers.swift in Sources */,
				BA976A402ABA3E600066A1A7 /* EssentialCacheFeedIntegrationTests.swift in Sources */,
				BA976A492ABA5C270066A1A7 /* FeedCacheTestHelpers.swift in Sources */,
				BA976A482ABA48680066A1A7 /* XCTestCase+MemoryLeakTracking.swift in Sources */,
			);
			runOnlyForDeploymentPostprocessing = 0;
		};
		BA9C80C32AE1E490001C03C4 /* Sources */ = {
			isa = PBXSourcesBuildPhase;
			buildActionMask = 2147483647;
			files = (
			);
			runOnlyForDeploymentPostprocessing = 0;
		};
		BA9C80CC2AE1E491001C03C4 /* Sources */ = {
			isa = PBXSourcesBuildPhase;
			buildActionMask = 2147483647;
			files = (
				BAE79C122AE87B7E005B216A /* FeedViewControllerTests.swift in Sources */,
				BAE79C132AE8931F005B216A /* XCTestCase+MemoryLeakTracking.swift in Sources */,
			);
			runOnlyForDeploymentPostprocessing = 0;
		};
		BA9EB2182A47835200E5233E /* Sources */ = {
			isa = PBXSourcesBuildPhase;
			buildActionMask = 2147483647;
			files = (
				BA65D1342A71E6C0001CA81A /* LocalFeedImage.swift in Sources */,
				BA7CB8692A91568100BB831B /* FeedStore.xcdatamodeld in Sources */,
				BA65D1302A71CC59001CA81A /* FeedStore.swift in Sources */,
				BA9EB2462A47878A00E5233E /* URLSessionHTTPClient.swift in Sources */,
				BA9EB2402A47866B00E5233E /* RemoteFeedLoader.swift in Sources */,
				BA9EB2422A4786B700E5233E /* HTTPClient.swift in Sources */,
				BA0AC3262ABA1C3D00AC6BAF /* CoreDataHelpers.swift in Sources */,
				BA9EB2442A47874800E5233E /* FeedMapper.swift in Sources */,
				BA7CB8662A9152DB00BB831B /* CoreDataFeedStore.swift in Sources */,
				BA09418A2ABA1EC500DE978D /* ManagedCache.swift in Sources */,
				BA9EB2392A4784B500E5233E /* FeedLoader.swift in Sources */,
				BA65D1322A71E650001CA81A /* RemoteFeedItem.swift in Sources */,
				BA882ACF2A86F011005AB320 /* CodableFeedStore.swift in Sources */,
				BA16B7672A7B00A5006C9F3E /* FeedCachePolicy.swift in Sources */,
				BA9EB2372A47842E00E5233E /* FeedImage.swift in Sources */,
				BA09418C2ABA1F1200DE978D /* ManagedFeedImage.swift in Sources */,
				BA65D12E2A71CB5F001CA81A /* LocalFeedLoader.swift in Sources */,
				BA9EB2212A47835200E5233E /* EssentialFeed.docc in Sources */,
			);
			runOnlyForDeploymentPostprocessing = 0;
		};
		BA9EB2222A47835200E5233E /* Sources */ = {
			isa = PBXSourcesBuildPhase;
			buildActionMask = 2147483647;
			files = (
				BA4E82562A8806FE0094E371 /* XCTestCase+FeedStoreSpecs.swift in Sources */,
				BA16B76B2A7C49DA006C9F3E /* CodableFeedStoreTests.swift in Sources */,
				BA9EB23D2A4785BE00E5233E /* LoadFeedFromRemoteUseCaseTests.swift in Sources */,
				BA7CB8642A91302D00BB831B /* CoreDataFeedStoreTests.swift in Sources */,
				BACC03352A882DE200CBB277 /* XCTestCase+FailableRetrieveFeedStoreSpecs.swift in Sources */,
				BA9EB22C2A47835200E5233E /* EssentialFeedTests.swift in Sources */,
				BA4097CC2A79A77900F42837 /* SharedTestHelpers.swift in Sources */,
				BA9EB24A2A47882300E5233E /* XCTestCase+MemoryLeakTracking.swift in Sources */,
				BA86667F2A6B448300BBC298 /* CacheFeedUseCaseTests.swift in Sources */,
				BA4097CA2A79A5FC00F42837 /* FeedCacheTestHelpers.swift in Sources */,
				BACC03382A8830F400CBB277 /* XCTestCase+FailableDeleteFeedStoreSpecs.swift in Sources */,
				BAB161A62A75A8CB00D423B4 /* ValidateFeedCacheUseCase.swift in Sources */,
				BA578C542A73071800137674 /* FeedStoreSpy.swift in Sources */,
				BA578C512A7304B900137674 /* LoadFeedFromCacheUseCaseTests.swift in Sources */,
				BA4E82542A88060D0094E371 /* FeedStoreSpecs.swift in Sources */,
				BA1F0A382A8832C100258571 /* XCTestCase+FailableInsertFeedStoreSpecs.swift in Sources */,
				BA9EB24C2A4788A900E5233E /* URLSessionHTTPClientTests.swift in Sources */,
			);
			runOnlyForDeploymentPostprocessing = 0;
		};
		BA9EB24E2A4789C400E5233E /* Sources */ = {
			isa = PBXSourcesBuildPhase;
			buildActionMask = 2147483647;
			files = (
				BA9EB2552A4789C400E5233E /* EssentialFeedAPIEndToEndTests.swift in Sources */,
				BA0993642A58927C001C9039 /* XCTestCase+MemoryLeakTracking.swift in Sources */,
			);
			runOnlyForDeploymentPostprocessing = 0;
		};
/* End PBXSourcesBuildPhase section */

/* Begin PBXTargetDependency section */
		BA976A432ABA3E600066A1A7 /* PBXTargetDependency */ = {
			isa = PBXTargetDependency;
			target = BA9EB21B2A47835200E5233E /* EssentialFeed */;
			targetProxy = BA976A422ABA3E600066A1A7 /* PBXContainerItemProxy */;
		};
		BA9C80D32AE1E492001C03C4 /* PBXTargetDependency */ = {
			isa = PBXTargetDependency;
			target = BA9C80C62AE1E490001C03C4 /* EssentailFeediOS */;
			targetProxy = BA9C80D22AE1E492001C03C4 /* PBXContainerItemProxy */;
		};
		BA9EB2292A47835200E5233E /* PBXTargetDependency */ = {
			isa = PBXTargetDependency;
			target = BA9EB21B2A47835200E5233E /* EssentialFeed */;
			targetProxy = BA9EB2282A47835200E5233E /* PBXContainerItemProxy */;
		};
		BA9EB2582A4789C400E5233E /* PBXTargetDependency */ = {
			isa = PBXTargetDependency;
			target = BA9EB21B2A47835200E5233E /* EssentialFeed */;
			targetProxy = BA9EB2572A4789C400E5233E /* PBXContainerItemProxy */;
		};
/* End PBXTargetDependency section */

/* Begin XCBuildConfiguration section */
		BA976A442ABA3E600066A1A7 /* Debug */ = {
			isa = XCBuildConfiguration;
			buildSettings = {
				ASSETCATALOG_COMPILER_GENERATE_SWIFT_ASSET_SYMBOL_EXTENSIONS = YES;
				CODE_SIGN_STYLE = Automatic;
				CURRENT_PROJECT_VERSION = 1;
				DEVELOPMENT_TEAM = M99Q25KN7N;
				GCC_C_LANGUAGE_STANDARD = gnu17;
				GENERATE_INFOPLIST_FILE = YES;
				LOCALIZATION_PREFERS_STRING_CATALOGS = YES;
				MACOSX_DEPLOYMENT_TARGET = 13.5;
				MARKETING_VERSION = 1.0;
				PRODUCT_BUNDLE_IDENTIFIER = gakshay105.EssentialCacheFeedIntegrationTests;
				PRODUCT_NAME = "$(TARGET_NAME)";
				SUPPORTED_PLATFORMS = "macosx iphoneos iphonesimulator";
				SWIFT_ACTIVE_COMPILATION_CONDITIONS = "DEBUG $(inherited)";
				SWIFT_EMIT_LOC_STRINGS = NO;
				SWIFT_VERSION = 5.0;
			};
			name = Debug;
		};
		BA976A452ABA3E600066A1A7 /* Release */ = {
			isa = XCBuildConfiguration;
			buildSettings = {
				ASSETCATALOG_COMPILER_GENERATE_SWIFT_ASSET_SYMBOL_EXTENSIONS = YES;
				CODE_SIGN_STYLE = Automatic;
				CURRENT_PROJECT_VERSION = 1;
				DEVELOPMENT_TEAM = M99Q25KN7N;
				GCC_C_LANGUAGE_STANDARD = gnu17;
				GENERATE_INFOPLIST_FILE = YES;
				LOCALIZATION_PREFERS_STRING_CATALOGS = YES;
				MACOSX_DEPLOYMENT_TARGET = 13.5;
				MARKETING_VERSION = 1.0;
				PRODUCT_BUNDLE_IDENTIFIER = gakshay105.EssentialCacheFeedIntegrationTests;
				PRODUCT_NAME = "$(TARGET_NAME)";
				SUPPORTED_PLATFORMS = "macosx iphoneos iphonesimulator";
				SWIFT_EMIT_LOC_STRINGS = NO;
				SWIFT_VERSION = 5.0;
			};
			name = Release;
		};
		BA9C80D82AE1E493001C03C4 /* Debug */ = {
			isa = XCBuildConfiguration;
			buildSettings = {
				ASSETCATALOG_COMPILER_GENERATE_SWIFT_ASSET_SYMBOL_EXTENSIONS = YES;
				CODE_SIGN_STYLE = Automatic;
				CURRENT_PROJECT_VERSION = 1;
				DEFINES_MODULE = NO;
				DEVELOPMENT_TEAM = M99Q25KN7N;
				DYLIB_COMPATIBILITY_VERSION = 1;
				DYLIB_CURRENT_VERSION = 1;
				DYLIB_INSTALL_NAME_BASE = "@rpath";
				ENABLE_MODULE_VERIFIER = YES;
				GCC_C_LANGUAGE_STANDARD = gnu17;
				GENERATE_INFOPLIST_FILE = YES;
				INFOPLIST_KEY_NSHumanReadableCopyright = "";
				INSTALL_PATH = "$(LOCAL_LIBRARY_DIR)/Frameworks";
				IPHONEOS_DEPLOYMENT_TARGET = 17.0;
				LD_RUNPATH_SEARCH_PATHS = (
					"$(inherited)",
					"@executable_path/Frameworks",
					"@loader_path/Frameworks",
				);
				LOCALIZATION_PREFERS_STRING_CATALOGS = YES;
				MARKETING_VERSION = 1.0;
				MODULE_VERIFIER_SUPPORTED_LANGUAGES = "objective-c objective-c++";
				MODULE_VERIFIER_SUPPORTED_LANGUAGE_STANDARDS = "gnu17 gnu++20";
				PRODUCT_BUNDLE_IDENTIFIER = akshayiyerg.EssentailFeediOS;
				PRODUCT_NAME = "$(TARGET_NAME:c99extidentifier)";
				SDKROOT = iphoneos;
				SKIP_INSTALL = YES;
				SWIFT_ACTIVE_COMPILATION_CONDITIONS = "DEBUG $(inherited)";
				SWIFT_EMIT_LOC_STRINGS = YES;
				SWIFT_VERSION = 5.0;
				TARGETED_DEVICE_FAMILY = "1,2";
			};
			name = Debug;
		};
		BA9C80D92AE1E493001C03C4 /* Release */ = {
			isa = XCBuildConfiguration;
			buildSettings = {
				ASSETCATALOG_COMPILER_GENERATE_SWIFT_ASSET_SYMBOL_EXTENSIONS = YES;
				CODE_SIGN_STYLE = Automatic;
				CURRENT_PROJECT_VERSION = 1;
				DEFINES_MODULE = NO;
				DEVELOPMENT_TEAM = M99Q25KN7N;
				DYLIB_COMPATIBILITY_VERSION = 1;
				DYLIB_CURRENT_VERSION = 1;
				DYLIB_INSTALL_NAME_BASE = "@rpath";
				ENABLE_MODULE_VERIFIER = YES;
				GCC_C_LANGUAGE_STANDARD = gnu17;
				GENERATE_INFOPLIST_FILE = YES;
				INFOPLIST_KEY_NSHumanReadableCopyright = "";
				INSTALL_PATH = "$(LOCAL_LIBRARY_DIR)/Frameworks";
				IPHONEOS_DEPLOYMENT_TARGET = 17.0;
				LD_RUNPATH_SEARCH_PATHS = (
					"$(inherited)",
					"@executable_path/Frameworks",
					"@loader_path/Frameworks",
				);
				LOCALIZATION_PREFERS_STRING_CATALOGS = YES;
				MARKETING_VERSION = 1.0;
				MODULE_VERIFIER_SUPPORTED_LANGUAGES = "objective-c objective-c++";
				MODULE_VERIFIER_SUPPORTED_LANGUAGE_STANDARDS = "gnu17 gnu++20";
				PRODUCT_BUNDLE_IDENTIFIER = akshayiyerg.EssentailFeediOS;
				PRODUCT_NAME = "$(TARGET_NAME:c99extidentifier)";
				SDKROOT = iphoneos;
				SKIP_INSTALL = YES;
				SWIFT_EMIT_LOC_STRINGS = YES;
				SWIFT_VERSION = 5.0;
				TARGETED_DEVICE_FAMILY = "1,2";
				VALIDATE_PRODUCT = YES;
			};
			name = Release;
		};
		BA9C80DA2AE1E493001C03C4 /* Debug */ = {
			isa = XCBuildConfiguration;
			buildSettings = {
				ASSETCATALOG_COMPILER_GENERATE_SWIFT_ASSET_SYMBOL_EXTENSIONS = YES;
				CLANG_ENABLE_MODULES = YES;
				CODE_SIGN_STYLE = Automatic;
				CURRENT_PROJECT_VERSION = 1;
				DEVELOPMENT_TEAM = M99Q25KN7N;
				GCC_C_LANGUAGE_STANDARD = gnu17;
				GENERATE_INFOPLIST_FILE = YES;
				IPHONEOS_DEPLOYMENT_TARGET = 17.0;
				LOCALIZATION_PREFERS_STRING_CATALOGS = YES;
				MARKETING_VERSION = 1.0;
				PRODUCT_BUNDLE_IDENTIFIER = akshayiyerg.EssentailFeediOSTests;
				PRODUCT_NAME = "$(TARGET_NAME)";
				SDKROOT = iphoneos;
				SWIFT_ACTIVE_COMPILATION_CONDITIONS = "DEBUG $(inherited)";
				SWIFT_EMIT_LOC_STRINGS = NO;
				SWIFT_OBJC_BRIDGING_HEADER = "";
				SWIFT_OBJC_INTERFACE_HEADER_NAME = "";
				SWIFT_OPTIMIZATION_LEVEL = "-Onone";
				SWIFT_VERSION = 5.0;
				TARGETED_DEVICE_FAMILY = "1,2";
			};
			name = Debug;
		};
		BA9C80DB2AE1E493001C03C4 /* Release */ = {
			isa = XCBuildConfiguration;
			buildSettings = {
				ASSETCATALOG_COMPILER_GENERATE_SWIFT_ASSET_SYMBOL_EXTENSIONS = YES;
				CLANG_ENABLE_MODULES = YES;
				CODE_SIGN_STYLE = Automatic;
				CURRENT_PROJECT_VERSION = 1;
				DEVELOPMENT_TEAM = M99Q25KN7N;
				GCC_C_LANGUAGE_STANDARD = gnu17;
				GENERATE_INFOPLIST_FILE = YES;
				IPHONEOS_DEPLOYMENT_TARGET = 17.0;
				LOCALIZATION_PREFERS_STRING_CATALOGS = YES;
				MARKETING_VERSION = 1.0;
				PRODUCT_BUNDLE_IDENTIFIER = akshayiyerg.EssentailFeediOSTests;
				PRODUCT_NAME = "$(TARGET_NAME)";
				SDKROOT = iphoneos;
				SWIFT_EMIT_LOC_STRINGS = NO;
				SWIFT_OBJC_BRIDGING_HEADER = "";
				SWIFT_OBJC_INTERFACE_HEADER_NAME = "";
				SWIFT_VERSION = 5.0;
				TARGETED_DEVICE_FAMILY = "1,2";
				VALIDATE_PRODUCT = YES;
			};
			name = Release;
		};
		BA9EB22E2A47835200E5233E /* Debug */ = {
			isa = XCBuildConfiguration;
			buildSettings = {
				ALWAYS_SEARCH_USER_PATHS = NO;
				CLANG_ANALYZER_NONNULL = YES;
				CLANG_ANALYZER_NUMBER_OBJECT_CONVERSION = YES_AGGRESSIVE;
				CLANG_CXX_LANGUAGE_STANDARD = "gnu++20";
				CLANG_ENABLE_MODULES = YES;
				CLANG_ENABLE_OBJC_ARC = YES;
				CLANG_ENABLE_OBJC_WEAK = YES;
				CLANG_WARN_BLOCK_CAPTURE_AUTORELEASING = YES;
				CLANG_WARN_BOOL_CONVERSION = YES;
				CLANG_WARN_COMMA = YES;
				CLANG_WARN_CONSTANT_CONVERSION = YES;
				CLANG_WARN_DEPRECATED_OBJC_IMPLEMENTATIONS = YES;
				CLANG_WARN_DIRECT_OBJC_ISA_USAGE = YES_ERROR;
				CLANG_WARN_DOCUMENTATION_COMMENTS = YES;
				CLANG_WARN_EMPTY_BODY = YES;
				CLANG_WARN_ENUM_CONVERSION = YES;
				CLANG_WARN_INFINITE_RECURSION = YES;
				CLANG_WARN_INT_CONVERSION = YES;
				CLANG_WARN_NON_LITERAL_NULL_CONVERSION = YES;
				CLANG_WARN_OBJC_IMPLICIT_RETAIN_SELF = YES;
				CLANG_WARN_OBJC_LITERAL_CONVERSION = YES;
				CLANG_WARN_OBJC_ROOT_CLASS = YES_ERROR;
				CLANG_WARN_QUOTED_INCLUDE_IN_FRAMEWORK_HEADER = YES;
				CLANG_WARN_RANGE_LOOP_ANALYSIS = YES;
				CLANG_WARN_STRICT_PROTOTYPES = YES;
				CLANG_WARN_SUSPICIOUS_MOVE = YES;
				CLANG_WARN_UNGUARDED_AVAILABILITY = YES_AGGRESSIVE;
				CLANG_WARN_UNREACHABLE_CODE = YES;
				CLANG_WARN__DUPLICATE_METHOD_MATCH = YES;
				COPY_PHASE_STRIP = NO;
				CURRENT_PROJECT_VERSION = 1;
				DEAD_CODE_STRIPPING = YES;
				DEBUG_INFORMATION_FORMAT = dwarf;
				ENABLE_STRICT_OBJC_MSGSEND = YES;
				ENABLE_TESTABILITY = YES;
				ENABLE_USER_SCRIPT_SANDBOXING = YES;
				GCC_C_LANGUAGE_STANDARD = gnu11;
				GCC_DYNAMIC_NO_PIC = NO;
				GCC_NO_COMMON_BLOCKS = YES;
				GCC_OPTIMIZATION_LEVEL = 0;
				GCC_PREPROCESSOR_DEFINITIONS = (
					"DEBUG=1",
					"$(inherited)",
				);
				GCC_WARN_64_TO_32_BIT_CONVERSION = YES;
				GCC_WARN_ABOUT_RETURN_TYPE = YES_ERROR;
				GCC_WARN_UNDECLARED_SELECTOR = YES;
				GCC_WARN_UNINITIALIZED_AUTOS = YES_AGGRESSIVE;
				GCC_WARN_UNUSED_FUNCTION = YES;
				GCC_WARN_UNUSED_VARIABLE = YES;
				MACOSX_DEPLOYMENT_TARGET = 13.3;
				MTL_ENABLE_DEBUG_INFO = INCLUDE_SOURCE;
				MTL_FAST_MATH = YES;
				ONLY_ACTIVE_ARCH = YES;
				SDKROOT = macosx;
				SWIFT_ACTIVE_COMPILATION_CONDITIONS = DEBUG;
				SWIFT_OPTIMIZATION_LEVEL = "-Onone";
				VERSIONING_SYSTEM = "apple-generic";
				VERSION_INFO_PREFIX = "";
			};
			name = Debug;
		};
		BA9EB22F2A47835200E5233E /* Release */ = {
			isa = XCBuildConfiguration;
			buildSettings = {
				ALWAYS_SEARCH_USER_PATHS = NO;
				CLANG_ANALYZER_NONNULL = YES;
				CLANG_ANALYZER_NUMBER_OBJECT_CONVERSION = YES_AGGRESSIVE;
				CLANG_CXX_LANGUAGE_STANDARD = "gnu++20";
				CLANG_ENABLE_MODULES = YES;
				CLANG_ENABLE_OBJC_ARC = YES;
				CLANG_ENABLE_OBJC_WEAK = YES;
				CLANG_WARN_BLOCK_CAPTURE_AUTORELEASING = YES;
				CLANG_WARN_BOOL_CONVERSION = YES;
				CLANG_WARN_COMMA = YES;
				CLANG_WARN_CONSTANT_CONVERSION = YES;
				CLANG_WARN_DEPRECATED_OBJC_IMPLEMENTATIONS = YES;
				CLANG_WARN_DIRECT_OBJC_ISA_USAGE = YES_ERROR;
				CLANG_WARN_DOCUMENTATION_COMMENTS = YES;
				CLANG_WARN_EMPTY_BODY = YES;
				CLANG_WARN_ENUM_CONVERSION = YES;
				CLANG_WARN_INFINITE_RECURSION = YES;
				CLANG_WARN_INT_CONVERSION = YES;
				CLANG_WARN_NON_LITERAL_NULL_CONVERSION = YES;
				CLANG_WARN_OBJC_IMPLICIT_RETAIN_SELF = YES;
				CLANG_WARN_OBJC_LITERAL_CONVERSION = YES;
				CLANG_WARN_OBJC_ROOT_CLASS = YES_ERROR;
				CLANG_WARN_QUOTED_INCLUDE_IN_FRAMEWORK_HEADER = YES;
				CLANG_WARN_RANGE_LOOP_ANALYSIS = YES;
				CLANG_WARN_STRICT_PROTOTYPES = YES;
				CLANG_WARN_SUSPICIOUS_MOVE = YES;
				CLANG_WARN_UNGUARDED_AVAILABILITY = YES_AGGRESSIVE;
				CLANG_WARN_UNREACHABLE_CODE = YES;
				CLANG_WARN__DUPLICATE_METHOD_MATCH = YES;
				COPY_PHASE_STRIP = NO;
				CURRENT_PROJECT_VERSION = 1;
				DEAD_CODE_STRIPPING = YES;
				DEBUG_INFORMATION_FORMAT = "dwarf-with-dsym";
				ENABLE_NS_ASSERTIONS = NO;
				ENABLE_STRICT_OBJC_MSGSEND = YES;
				ENABLE_USER_SCRIPT_SANDBOXING = YES;
				GCC_C_LANGUAGE_STANDARD = gnu11;
				GCC_NO_COMMON_BLOCKS = YES;
				GCC_WARN_64_TO_32_BIT_CONVERSION = YES;
				GCC_WARN_ABOUT_RETURN_TYPE = YES_ERROR;
				GCC_WARN_UNDECLARED_SELECTOR = YES;
				GCC_WARN_UNINITIALIZED_AUTOS = YES_AGGRESSIVE;
				GCC_WARN_UNUSED_FUNCTION = YES;
				GCC_WARN_UNUSED_VARIABLE = YES;
				MACOSX_DEPLOYMENT_TARGET = 13.3;
				MTL_ENABLE_DEBUG_INFO = NO;
				MTL_FAST_MATH = YES;
				SDKROOT = macosx;
				SWIFT_COMPILATION_MODE = wholemodule;
				SWIFT_OPTIMIZATION_LEVEL = "-O";
				VERSIONING_SYSTEM = "apple-generic";
				VERSION_INFO_PREFIX = "";
			};
			name = Release;
		};
		BA9EB2312A47835200E5233E /* Debug */ = {
			isa = XCBuildConfiguration;
			buildSettings = {
				CODE_SIGN_IDENTITY = "";
				CODE_SIGN_STYLE = Automatic;
				COMBINE_HIDPI_IMAGES = YES;
				CURRENT_PROJECT_VERSION = 1;
				DEAD_CODE_STRIPPING = YES;
				DEFINES_MODULE = YES;
				DEVELOPMENT_TEAM = M99Q25KN7N;
				DYLIB_COMPATIBILITY_VERSION = 1;
				DYLIB_CURRENT_VERSION = 1;
				DYLIB_INSTALL_NAME_BASE = "@rpath";
				ENABLE_MODULE_VERIFIER = YES;
				GENERATE_INFOPLIST_FILE = YES;
				INFOPLIST_KEY_NSHumanReadableCopyright = "";
				INSTALL_PATH = "$(LOCAL_LIBRARY_DIR)/Frameworks";
				LD_RUNPATH_SEARCH_PATHS = (
					"$(inherited)",
					"@executable_path/../Frameworks",
					"@loader_path/Frameworks",
				);
				MARKETING_VERSION = 1.0;
				MODULE_VERIFIER_SUPPORTED_LANGUAGES = "objective-c objective-c++";
				MODULE_VERIFIER_SUPPORTED_LANGUAGE_STANDARDS = "gnu11 gnu++20";
				PRODUCT_BUNDLE_IDENTIFIER = gakshay105.EssentialFeed;
				PRODUCT_NAME = "$(TARGET_NAME:c99extidentifier)";
				SKIP_INSTALL = YES;
				SUPPORTED_PLATFORMS = "macosx iphoneos iphonesimulator";
				SWIFT_EMIT_LOC_STRINGS = YES;
				SWIFT_VERSION = 5.0;
			};
			name = Debug;
		};
		BA9EB2322A47835200E5233E /* Release */ = {
			isa = XCBuildConfiguration;
			buildSettings = {
				CODE_SIGN_IDENTITY = "";
				CODE_SIGN_STYLE = Automatic;
				COMBINE_HIDPI_IMAGES = YES;
				CURRENT_PROJECT_VERSION = 1;
				DEAD_CODE_STRIPPING = YES;
				DEFINES_MODULE = YES;
				DEVELOPMENT_TEAM = M99Q25KN7N;
				DYLIB_COMPATIBILITY_VERSION = 1;
				DYLIB_CURRENT_VERSION = 1;
				DYLIB_INSTALL_NAME_BASE = "@rpath";
				ENABLE_MODULE_VERIFIER = YES;
				GENERATE_INFOPLIST_FILE = YES;
				INFOPLIST_KEY_NSHumanReadableCopyright = "";
				INSTALL_PATH = "$(LOCAL_LIBRARY_DIR)/Frameworks";
				LD_RUNPATH_SEARCH_PATHS = (
					"$(inherited)",
					"@executable_path/../Frameworks",
					"@loader_path/Frameworks",
				);
				MARKETING_VERSION = 1.0;
				MODULE_VERIFIER_SUPPORTED_LANGUAGES = "objective-c objective-c++";
				MODULE_VERIFIER_SUPPORTED_LANGUAGE_STANDARDS = "gnu11 gnu++20";
				PRODUCT_BUNDLE_IDENTIFIER = gakshay105.EssentialFeed;
				PRODUCT_NAME = "$(TARGET_NAME:c99extidentifier)";
				SKIP_INSTALL = YES;
				SUPPORTED_PLATFORMS = "macosx iphoneos iphonesimulator";
				SWIFT_EMIT_LOC_STRINGS = YES;
				SWIFT_VERSION = 5.0;
			};
			name = Release;
		};
		BA9EB2342A47835200E5233E /* Debug */ = {
			isa = XCBuildConfiguration;
			buildSettings = {
				ALWAYS_EMBED_SWIFT_STANDARD_LIBRARIES = YES;
				CODE_SIGN_STYLE = Automatic;
				CURRENT_PROJECT_VERSION = 1;
				DEAD_CODE_STRIPPING = YES;
				DEVELOPMENT_TEAM = M99Q25KN7N;
				GENERATE_INFOPLIST_FILE = YES;
				MARKETING_VERSION = 1.0;
				PRODUCT_BUNDLE_IDENTIFIER = gakshay105.EssentialFeedTests;
				PRODUCT_NAME = "$(TARGET_NAME)";
				SUPPORTED_PLATFORMS = "macosx iphoneos iphonesimulator";
				SWIFT_EMIT_LOC_STRINGS = NO;
				SWIFT_VERSION = 5.0;
			};
			name = Debug;
		};
		BA9EB2352A47835200E5233E /* Release */ = {
			isa = XCBuildConfiguration;
			buildSettings = {
				ALWAYS_EMBED_SWIFT_STANDARD_LIBRARIES = YES;
				CODE_SIGN_STYLE = Automatic;
				CURRENT_PROJECT_VERSION = 1;
				DEAD_CODE_STRIPPING = YES;
				DEVELOPMENT_TEAM = M99Q25KN7N;
				GENERATE_INFOPLIST_FILE = YES;
				MARKETING_VERSION = 1.0;
				PRODUCT_BUNDLE_IDENTIFIER = gakshay105.EssentialFeedTests;
				PRODUCT_NAME = "$(TARGET_NAME)";
				SUPPORTED_PLATFORMS = "macosx iphoneos iphonesimulator";
				SWIFT_EMIT_LOC_STRINGS = NO;
				SWIFT_VERSION = 5.0;
			};
			name = Release;
		};
		BA9EB25A2A4789C400E5233E /* Debug */ = {
			isa = XCBuildConfiguration;
			buildSettings = {
				CODE_SIGN_STYLE = Automatic;
				CURRENT_PROJECT_VERSION = 1;
				DEAD_CODE_STRIPPING = YES;
				DEVELOPMENT_TEAM = M99Q25KN7N;
				GENERATE_INFOPLIST_FILE = YES;
				MARKETING_VERSION = 1.0;
				PRODUCT_BUNDLE_IDENTIFIER = gakshay105.EssentialFeedAPIEndToEndTests;
				PRODUCT_NAME = "$(TARGET_NAME)";
				SUPPORTED_PLATFORMS = "macosx iphoneos iphonesimulator";
				SWIFT_EMIT_LOC_STRINGS = NO;
				SWIFT_VERSION = 5.0;
			};
			name = Debug;
		};
		BA9EB25B2A4789C400E5233E /* Release */ = {
			isa = XCBuildConfiguration;
			buildSettings = {
				CODE_SIGN_STYLE = Automatic;
				CURRENT_PROJECT_VERSION = 1;
				DEAD_CODE_STRIPPING = YES;
				DEVELOPMENT_TEAM = M99Q25KN7N;
				GENERATE_INFOPLIST_FILE = YES;
				MARKETING_VERSION = 1.0;
				PRODUCT_BUNDLE_IDENTIFIER = gakshay105.EssentialFeedAPIEndToEndTests;
				PRODUCT_NAME = "$(TARGET_NAME)";
				SUPPORTED_PLATFORMS = "macosx iphoneos iphonesimulator";
				SWIFT_EMIT_LOC_STRINGS = NO;
				SWIFT_VERSION = 5.0;
			};
			name = Release;
		};
/* End XCBuildConfiguration section */

/* Begin XCConfigurationList section */
		BA976A462ABA3E600066A1A7 /* Build configuration list for PBXNativeTarget "EssentialCacheFeedIntegrationTests" */ = {
			isa = XCConfigurationList;
			buildConfigurations = (
				BA976A442ABA3E600066A1A7 /* Debug */,
				BA976A452ABA3E600066A1A7 /* Release */,
			);
			defaultConfigurationIsVisible = 0;
			defaultConfigurationName = Release;
		};
		BA9C80DC2AE1E493001C03C4 /* Build configuration list for PBXNativeTarget "EssentailFeediOS" */ = {
			isa = XCConfigurationList;
			buildConfigurations = (
				BA9C80D82AE1E493001C03C4 /* Debug */,
				BA9C80D92AE1E493001C03C4 /* Release */,
			);
			defaultConfigurationIsVisible = 0;
			defaultConfigurationName = Release;
		};
		BA9C80DD2AE1E493001C03C4 /* Build configuration list for PBXNativeTarget "EssentailFeediOSTests" */ = {
			isa = XCConfigurationList;
			buildConfigurations = (
				BA9C80DA2AE1E493001C03C4 /* Debug */,
				BA9C80DB2AE1E493001C03C4 /* Release */,
			);
			defaultConfigurationIsVisible = 0;
			defaultConfigurationName = Release;
		};
		BA9EB2162A47835200E5233E /* Build configuration list for PBXProject "EssentialFeed" */ = {
			isa = XCConfigurationList;
			buildConfigurations = (
				BA9EB22E2A47835200E5233E /* Debug */,
				BA9EB22F2A47835200E5233E /* Release */,
			);
			defaultConfigurationIsVisible = 0;
			defaultConfigurationName = Release;
		};
		BA9EB2302A47835200E5233E /* Build configuration list for PBXNativeTarget "EssentialFeed" */ = {
			isa = XCConfigurationList;
			buildConfigurations = (
				BA9EB2312A47835200E5233E /* Debug */,
				BA9EB2322A47835200E5233E /* Release */,
			);
			defaultConfigurationIsVisible = 0;
			defaultConfigurationName = Release;
		};
		BA9EB2332A47835200E5233E /* Build configuration list for PBXNativeTarget "EssentialFeedTests" */ = {
			isa = XCConfigurationList;
			buildConfigurations = (
				BA9EB2342A47835200E5233E /* Debug */,
				BA9EB2352A47835200E5233E /* Release */,
			);
			defaultConfigurationIsVisible = 0;
			defaultConfigurationName = Release;
		};
		BA9EB2592A4789C400E5233E /* Build configuration list for PBXNativeTarget "EssentialFeedAPIEndToEndTests" */ = {
			isa = XCConfigurationList;
			buildConfigurations = (
				BA9EB25A2A4789C400E5233E /* Debug */,
				BA9EB25B2A4789C400E5233E /* Release */,
			);
			defaultConfigurationIsVisible = 0;
			defaultConfigurationName = Release;
		};
/* End XCConfigurationList section */

/* Begin XCVersionGroup section */
		BA7CB8672A91568100BB831B /* FeedStore.xcdatamodeld */ = {
			isa = XCVersionGroup;
			children = (
				BA7CB8682A91568100BB831B /* FeedStore.xcdatamodel */,
			);
			currentVersion = BA7CB8682A91568100BB831B /* FeedStore.xcdatamodel */;
			path = FeedStore.xcdatamodeld;
			sourceTree = "<group>";
			versionGroupType = wrapper.xcdatamodel;
		};
/* End XCVersionGroup section */
	};
	rootObject = BA9EB2132A47835200E5233E /* Project object */;
}
